github.com/naxmefy/go-modules/lib/a/b/c v0.0.0-20240624085737-8b0d7541f6ca h1:dGtrHIt9OTzKPfHMeWO3JHDMrTTgnTUpgqmRrQCG1Ss=
github.com/naxmefy/go-modules/lib/a/b/c v0.0.0-20240624085737-8b0d7541f6ca/go.mod h1:EwmnSbNBcdpEznqQxHay3VYj5qMoy88F/XOzMnIsiAg=
github.com/naxmefy/go-modules/lib/a/b/c v0.0.0-20240624090033-77dbbcf41309 h1:/bFv22VeONuE6B12o81ovur2O0YNPfykabgj1kCcQUI=
github.com/naxmefy/go-modules/lib/a/b/c v0.0.0-20240624090033-77dbbcf41309/go.mod h1:EwmnSbNBcdpEznqQxHay3VYj5qMoy88F/XOzMnIsiAg=
github.com/naxmefy/go-modules/module1 v0.0.0-20240624085037-9e5941a2583b h1:+ySKYAKeC/rhlvJhDcip5gES2OBH3Ew3vJLeZPrHLn4=
github.com/naxmefy/go-modules/module1 v0.0.0-20240624085037-9e5941a2583b/go.mod h1:k3ue+0BHWJ1KZqef3cz/0NaYda9MCZm17ALCLKsHtLM=
